NeoBundleLock awesome-vim-colorschemes b5037cbf87ee4b0beed91adb33c339122e58326f
NeoBundleLock lightline.vim e8577f3654cac97ee18faae28c80a2200aaaad5a
NeoBundleLock neobundle.vim 1306c131ff0a6cc094b7ff0727350e442b5427f1
NeoBundleLock nerdcommenter cbadb3d93e5dcb121793b182880ee784dbd78978
NeoBundleLock nerdtree 07612557ebb4118ef4a337faa7033d0270773c71
NeoBundleLock rainbow_parentheses.vim eb8baa5428bde10ecc1cb14eed1d6e16f5f24695
NeoBundleLock syntastic f3766538720116f099a8b1517f76ae2f094afd20
